
Microsoft Visual Studio Solution File, Format Version 12.00
# Visual Studio Version 17
VisualStudioVersion = 17.5.33414.496
MinimumVisualStudioVersion = 10.0.40219.1
Project("{FAE04EC0-301F-11D3-BF4B-00C04F79EFBC}") = "BDSPMapInserter", "BDSPMapInserter\BDSPMapInserter.csproj", "{B3AF0ED1-7188-4312-BF7C-7175862745D0}"
EndProject
Global
	GlobalSection(SolutionConfigurationPlatforms) = preSolution
		Debug|Any CPU = Debug|Any CPU
		Release|Any CPU = Release|Any CPU
	EndGlobalSection
	GlobalSection(ProjectConfigurationPlatforms) = postSolution
		{B3AF0ED1-7188-4312-BF7C-7175862745D0}.Debug|Any CPU.ActiveCfg = Debug|Any CPU
		{B3AF0ED1-7188-4312-BF7C-7175862745D0}.Debug|Any CPU.Build.0 = Debug|Any CPU
		{B3AF0ED1-7188-4312-BF7C-7175862745D0}.Release|Any CPU.ActiveCfg = Release|Any CPU
		{B3AF0ED1-7188-4312-BF7C-7175862745D0}.Release|Any CPU.Build.0 = Release|Any CPU
	EndGlobalSection
	GlobalSection(SolutionProperties) = preSolution
		HideSolutionNode = FALSE
	EndGlobalSection
	GlobalSection(ExtensibilityGlobals) = postSolution
		SolutionGuid = {F10DB466-4EAA-48A4-B424-8B503889C2C2}
	EndGlobalSection
EndGlobal
